
Microsoft Visual Studio Solution File, Format Version 12.00
# Visual Studio Version 17
VisualStudioVersion = 17.11.35208.52
MinimumVisualStudioVersion = 10.0.40219.1
Project("{F184B08F-C81C-45F6-A57F-5ABD9991F28F}") = "SignUp_Practice", "SignUp_Practice\SignUp_Practice.vbproj", "{B7BBBF9A-AE78-42D4-A8A7-F4F91AE188EC}"
EndProject
Global
	GlobalSection(SolutionConfigurationPlatforms) = preSolution
		Debug|Any CPU = Debug|Any CPU
		Release|Any CPU = Release|Any CPU
	EndGlobalSection
	GlobalSection(ProjectConfigurationPlatforms) = postSolution
		{B7BBBF9A-AE78-42D4-A8A7-F4F91AE188EC}.Debug|Any CPU.ActiveCfg = Debug|Any CPU
		{B7BBBF9A-AE78-42D4-A8A7-F4F91AE188EC}.Debug|Any CPU.Build.0 = Debug|Any CPU
		{B7BBBF9A-AE78-42D4-A8A7-F4F91AE188EC}.Release|Any CPU.ActiveCfg = Release|Any CPU
		{B7BBBF9A-AE78-42D4-A8A7-F4F91AE188EC}.Release|Any CPU.Build.0 = Release|Any CPU
	EndGlobalSection
	GlobalSection(SolutionProperties) = preSolution
		HideSolutionNode = FALSE
	EndGlobalSection
	GlobalSection(ExtensibilityGlobals) = postSolution
		SolutionGuid = {1E5534F2-AA58-41F5-A9B3-571089543114}
	EndGlobalSection
EndGlobal
